
Microsoft Visual Studio Solution File, Format Version 12.00
# Visual Studio Version 17
VisualStudioVersion = 17.4.33110.190
MinimumVisualStudioVersion = 10.0.40219.1
Project("{FAE04EC0-301F-11D3-BF4B-00C04F79EFBC}") = "ExamDebugDuck", "ExamDebugDuck.csproj", "{3E892FA3-3FD7-4EB2-96BB-005A2B1A2382}"
EndProject
Global
	GlobalSection(SolutionConfigurationPlatforms) = preSolution
		Debug|Any CPU = Debug|Any CPU
		Release|Any CPU = Release|Any CPU
	EndGlobalSection
	GlobalSection(ProjectConfigurationPlatforms) = postSolution
		{3E892FA3-3FD7-4EB2-96BB-005A2B1A2382}.Debug|Any CPU.ActiveCfg = Debug|Any CPU
		{3E892FA3-3FD7-4EB2-96BB-005A2B1A2382}.Debug|Any CPU.Build.0 = Debug|Any CPU
		{3E892FA3-3FD7-4EB2-96BB-005A2B1A2382}.Release|Any CPU.ActiveCfg = Release|Any CPU
		{3E892FA3-3FD7-4EB2-96BB-005A2B1A2382}.Release|Any CPU.Build.0 = Release|Any CPU
	EndGlobalSection
	GlobalSection(SolutionProperties) = preSolution
		HideSolutionNode = FALSE
	EndGlobalSection
	GlobalSection(ExtensibilityGlobals) = postSolution
		SolutionGuid = {0FEE6E12-2448-4653-A0F1-412CC0DECB08}
	EndGlobalSection
EndGlobal
